
Microsoft Visual Studio Solution File, Format Version 12.00
# Visual Studio 15
VisualStudioVersion = 15.0.26124.0
MinimumVisualStudioVersion = 15.0.26124.0
Project("{FAE04EC0-301F-11D3-BF4B-00C04F79EFBC}") = "LinkedData.RestService", "LinkedData.RestService\LinkedData.RestService.csproj", "{1049E8EA-AF4D-4A27-B9DD-4342B1CD4462}"
EndProject
Project("{FAE04EC0-301F-11D3-BF4B-00C04F79EFBC}") = "LinkedData.Data", "LinkedData.Data\LinkedData.Data.csproj", "{FEF9D4F2-D1B4-42BE-BF49-47A27D1BBAE2}"
EndProject
Global
	GlobalSection(SolutionConfigurationPlatforms) = preSolution
		Debug|Any CPU = Debug|Any CPU
		Debug|x64 = Debug|x64
		Debug|x86 = Debug|x86
		Release|Any CPU = Release|Any CPU
		Release|x64 = Release|x64
		Release|x86 = Release|x86
	EndGlobalSection
	GlobalSection(SolutionProperties) = preSolution
		HideSolutionNode = FALSE
	EndGlobalSection
	GlobalSection(ProjectConfigurationPlatforms) = postSolution
		{1049E8EA-AF4D-4A27-B9DD-4342B1CD4462}.Debug|Any CPU.ActiveCfg = Debug|Any CPU
		{1049E8EA-AF4D-4A27-B9DD-4342B1CD4462}.Debug|Any CPU.Build.0 = Debug|Any CPU
		{1049E8EA-AF4D-4A27-B9DD-4342B1CD4462}.Debug|x64.ActiveCfg = Debug|Any CPU
		{1049E8EA-AF4D-4A27-B9DD-4342B1CD4462}.Debug|x64.Build.0 = Debug|Any CPU
		{1049E8EA-AF4D-4A27-B9DD-4342B1CD4462}.Debug|x86.ActiveCfg = Debug|Any CPU
		{1049E8EA-AF4D-4A27-B9DD-4342B1CD4462}.Debug|x86.Build.0 = Debug|Any CPU
		{1049E8EA-AF4D-4A27-B9DD-4342B1CD4462}.Release|Any CPU.ActiveCfg = Release|Any CPU
		{1049E8EA-AF4D-4A27-B9DD-4342B1CD4462}.Release|Any CPU.Build.0 = Release|Any CPU
		{1049E8EA-AF4D-4A27-B9DD-4342B1CD4462}.Release|x64.ActiveCfg = Release|Any CPU
		{1049E8EA-AF4D-4A27-B9DD-4342B1CD4462}.Release|x64.Build.0 = Release|Any CPU
		{1049E8EA-AF4D-4A27-B9DD-4342B1CD4462}.Release|x86.ActiveCfg = Release|Any CPU
		{1049E8EA-AF4D-4A27-B9DD-4342B1CD4462}.Release|x86.Build.0 = Release|Any CPU
		{FEF9D4F2-D1B4-42BE-BF49-47A27D1BBAE2}.Debug|Any CPU.ActiveCfg = Debug|Any CPU
		{FEF9D4F2-D1B4-42BE-BF49-47A27D1BBAE2}.Debug|Any CPU.Build.0 = Debug|Any CPU
		{FEF9D4F2-D1B4-42BE-BF49-47A27D1BBAE2}.Debug|x64.ActiveCfg = Debug|Any CPU
		{FEF9D4F2-D1B4-42BE-BF49-47A27D1BBAE2}.Debug|x64.Build.0 = Debug|Any CPU
		{FEF9D4F2-D1B4-42BE-BF49-47A27D1BBAE2}.Debug|x86.ActiveCfg = Debug|Any CPU
		{FEF9D4F2-D1B4-42BE-BF49-47A27D1BBAE2}.Debug|x86.Build.0 = Debug|Any CPU
		{FEF9D4F2-D1B4-42BE-BF49-47A27D1BBAE2}.Release|Any CPU.ActiveCfg = Release|Any CPU
		{FEF9D4F2-D1B4-42BE-BF49-47A27D1BBAE2}.Release|Any CPU.Build.0 = Release|Any CPU
		{FEF9D4F2-D1B4-42BE-BF49-47A27D1BBAE2}.Release|x64.ActiveCfg = Release|Any CPU
		{FEF9D4F2-D1B4-42BE-BF49-47A27D1BBAE2}.Release|x64.Build.0 = Release|Any CPU
		{FEF9D4F2-D1B4-42BE-BF49-47A27D1BBAE2}.Release|x86.ActiveCfg = Release|Any CPU
		{FEF9D4F2-D1B4-42BE-BF49-47A27D1BBAE2}.Release|x86.Build.0 = Release|Any CPU
	EndGlobalSection
EndGlobal
